
Microsoft Visual Studio Solution File, Format Version 12.00
# Visual Studio Version 17
VisualStudioVersion = 17.4.33213.308
MinimumVisualStudioVersion = 10.0.40219.1
Project("{FAE04EC0-301F-11D3-BF4B-00C04F79EFBC}") = "ProjetoSistemaTI18N", "ProjetoSistemaTI18N\ProjetoSistemaTI18N.csproj", "{D8C723CB-C486-4B11-BD78-1FE790E5B065}"
EndProject
Global
	GlobalSection(SolutionConfigurationPlatforms) = preSolution
		Debug|Any CPU = Debug|Any CPU
		Release|Any CPU = Release|Any CPU
	EndGlobalSection
	GlobalSection(ProjectConfigurationPlatforms) = postSolution
		{D8C723CB-C486-4B11-BD78-1FE790E5B065}.Debug|Any CPU.ActiveCfg = Debug|Any CPU
		{D8C723CB-C486-4B11-BD78-1FE790E5B065}.Debug|Any CPU.Build.0 = Debug|Any CPU
		{D8C723CB-C486-4B11-BD78-1FE790E5B065}.Release|Any CPU.ActiveCfg = Release|Any CPU
		{D8C723CB-C486-4B11-BD78-1FE790E5B065}.Release|Any CPU.Build.0 = Release|Any CPU
	EndGlobalSection
	GlobalSection(SolutionProperties) = preSolution
		HideSolutionNode = FALSE
	EndGlobalSection
	GlobalSection(ExtensibilityGlobals) = postSolution
		SolutionGuid = {6A287C48-FB6E-470B-BC2B-A66A2F2824C9}
	EndGlobalSection
EndGlobal
